
Microsoft Visual Studio Solution File, Format Version 12.00
# Visual Studio Version 17
VisualStudioVersion = 17.0.31912.275
MinimumVisualStudioVersion = 10.0.40219.1
Project("{FAE04EC0-301F-11D3-BF4B-00C04F79EFBC}") = "Challenge.Model", "Challenge.Model\Challenge.Model.csproj", "{11D79A06-665A-4513-900A-50C27C761174}"
EndProject
Project("{FAE04EC0-301F-11D3-BF4B-00C04F79EFBC}") = "Challenge.Server", "Challenge.Server\Challenge.Server.csproj", "{F249CBEB-3484-4BAE-8120-B3610EF4C809}"
EndProject
Global
	GlobalSection(SolutionConfigurationPlatforms) = preSolution
		Debug|Any CPU = Debug|Any CPU
		Release|Any CPU = Release|Any CPU
	EndGlobalSection
	GlobalSection(ProjectConfigurationPlatforms) = postSolution
		{11D79A06-665A-4513-900A-50C27C761174}.Debug|Any CPU.ActiveCfg = Debug|Any CPU
		{11D79A06-665A-4513-900A-50C27C761174}.Debug|Any CPU.Build.0 = Debug|Any CPU
		{11D79A06-665A-4513-900A-50C27C761174}.Release|Any CPU.ActiveCfg = Release|Any CPU
		{11D79A06-665A-4513-900A-50C27C761174}.Release|Any CPU.Build.0 = Release|Any CPU
		{F249CBEB-3484-4BAE-8120-B3610EF4C809}.Debug|Any CPU.ActiveCfg = Debug|Any CPU
		{F249CBEB-3484-4BAE-8120-B3610EF4C809}.Debug|Any CPU.Build.0 = Debug|Any CPU
		{F249CBEB-3484-4BAE-8120-B3610EF4C809}.Release|Any CPU.ActiveCfg = Release|Any CPU
		{F249CBEB-3484-4BAE-8120-B3610EF4C809}.Release|Any CPU.Build.0 = Release|Any CPU
	EndGlobalSection
	GlobalSection(SolutionProperties) = preSolution
		HideSolutionNode = FALSE
	EndGlobalSection
	GlobalSection(ExtensibilityGlobals) = postSolution
		SolutionGuid = {0DB14AF9-7841-414C-88E6-96191C452C45}
	EndGlobalSection
EndGlobal
